// !$*UTF8*$!
{
	archiveVersion = 1;
	classes = {
	};
	objectVersion = 56;
	objects = {

/* Begin PBXBuildFile section */
		A4BC301E2975A988005C1701 /* AppDelegate.swift in Sources */ = {isa = PBXBuildFile; fileRef = A4BC301D2975A988005C1701 /* AppDelegate.swift */; };
		A4BC30202975A988005C1701 /* SceneDelegate.swift in Sources */ = {isa = PBXBuildFile; fileRef = A4BC301F2975A988005C1701 /* SceneDelegate.swift */; };
		A4BC30272975A989005C1701 /* Assets.xcassets in Resources */ = {isa = PBXBuildFile; fileRef = A4BC30262975A989005C1701 /* Assets.xcassets */; };
		A4BC302A2975A989005C1701 /* LaunchScreen.storyboard in Resources */ = {isa = PBXBuildFile; fileRef = A4BC30282975A989005C1701 /* LaunchScreen.storyboard */; };
		A4BC30352975AA12005C1701 /* FeedViewController.swift in Sources */ = {isa = PBXBuildFile; fileRef = A4BC30342975AA12005C1701 /* FeedViewController.swift */; };
		A4BC30382975AA38005C1701 /* SnapKit in Frameworks */ = {isa = PBXBuildFile; productRef = A4BC30372975AA38005C1701 /* SnapKit */; };
		A4BC303B2975B43E005C1701 /* LogoView.swift in Sources */ = {isa = PBXBuildFile; fileRef = A4BC303A2975B43E005C1701 /* LogoView.swift */; };
		A4BC303D2975B752005C1701 /* FeedItemType.swift in Sources */ = {isa = PBXBuildFile; fileRef = A4BC303C2975B752005C1701 /* FeedItemType.swift */; };
		A4BC303F2975B76C005C1701 /* FeedStoriesCellInfo.swift in Sources */ = {isa = PBXBuildFile; fileRef = A4BC303E2975B76C005C1701 /* FeedStoriesCellInfo.swift */; };
		A4BC30412975B7CD005C1701 /* FeedPostItemInfo.swift in Sources */ = {isa = PBXBuildFile; fileRef = A4BC30402975B7CD005C1701 /* FeedPostItemInfo.swift */; };
		A4BC30432975BB71005C1701 /* FeedStoriesSetCell.swift in Sources */ = {isa = PBXBuildFile; fileRef = A4BC30422975BB71005C1701 /* FeedStoriesSetCell.swift */; };
		A4BC30462975BBE5005C1701 /* FeedPostCell.swift in Sources */ = {isa = PBXBuildFile; fileRef = A4BC30452975BBE5005C1701 /* FeedPostCell.swift */; };
		A4BC30482975BF0E005C1701 /* StoriesItemCell.swift in Sources */ = {isa = PBXBuildFile; fileRef = A4BC30472975BF0E005C1701 /* StoriesItemCell.swift */; };
/* End PBXBuildFile section */

/* Begin PBXFileReference section */
		A4BC301A2975A988005C1701 /* InstagramSnapKit.app */ = {isa = PBXFileReference; explicitFileType = wrapper.application; includeInIndex = 0; path = InstagramSnapKit.app; sourceTree = BUILT_PRODUCTS_DIR; };
		A4BC301D2975A988005C1701 /* AppDelegate.swift */ = {isa = PBXFileReference; lastKnownFileType = sourcecode.swift; path = AppDelegate.swift; sourceTree = "<group>"; };
		A4BC301F2975A988005C1701 /* SceneDelegate.swift */ = {isa = PBXFileReference; lastKnownFileType = sourcecode.swift; path = SceneDelegate.swift; sourceTree = "<group>"; };
		A4BC30262975A989005C1701 /* Assets.xcassets */ = {isa = PBXFileReference; lastKnownFileType = folder.assetcatalog; path = Assets.xcassets; sourceTree = "<group>"; };
		A4BC30292975A989005C1701 /* Base */ = {isa = PBXFileReference; lastKnownFileType = file.storyboard; name = Base; path = Base.lproj/LaunchScreen.storyboard; sourceTree = "<group>"; };
		A4BC302B2975A989005C1701 /* Info.plist */ = {isa = PBXFileReference; lastKnownFileType = text.plist.xml; path = Info.plist; sourceTree = "<group>"; };
		A4BC30342975AA12005C1701 /* FeedViewController.swift */ = {isa = PBXFileReference; lastKnownFileType = sourcecode.swift; path = FeedViewController.swift; sourceTree = "<group>"; };
		A4BC303A2975B43E005C1701 /* LogoView.swift */ = {isa = PBXFileReference; lastKnownFileType = sourcecode.swift; path = LogoView.swift; sourceTree = "<group>"; };
		A4BC303C2975B752005C1701 /* FeedItemType.swift */ = {isa = PBXFileReference; lastKnownFileType = sourcecode.swift; path = FeedItemType.swift; sourceTree = "<group>"; };
		A4BC303E2975B76C005C1701 /* FeedStoriesCellInfo.swift */ = {isa = PBXFileReference; lastKnownFileType = sourcecode.swift; path = FeedStoriesCellInfo.swift; sourceTree = "<group>"; };
		A4BC30402975B7CD005C1701 /* FeedPostItemInfo.swift */ = {isa = PBXFileReference; lastKnownFileType = sourcecode.swift; path = FeedPostItemInfo.swift; sourceTree = "<group>"; };
		A4BC30422975BB71005C1701 /* FeedStoriesSetCell.swift */ = {isa = PBXFileReference; lastKnownFileType = sourcecode.swift; path = FeedStoriesSetCell.swift; sourceTree = "<group>"; };
		A4BC30452975BBE5005C1701 /* FeedPostCell.swift */ = {isa = PBXFileReference; lastKnownFileType = sourcecode.swift; path = FeedPostCell.swift; sourceTree = "<group>"; };
		A4BC30472975BF0E005C1701 /* StoriesItemCell.swift */ = {isa = PBXFileReference; lastKnownFileType = sourcecode.swift; path = StoriesItemCell.swift; sourceTree = "<group>"; };
/* End PBXFileReference section */

/* Begin PBXFrameworksBuildPhase section */
		A4BC30172975A988005C1701 /* Frameworks */ = {
			isa = PBXFrameworksBuildPhase;
			buildActionMask = 2147483647;
			files = (
				A4BC30382975AA38005C1701 /* SnapKit in Frameworks */,
			);
			runOnlyForDeploymentPostprocessing = 0;
		};
/* End PBXFrameworksBuildPhase section */

/* Begin PBXGroup section */
		A4BC30112975A988005C1701 = {
			isa = PBXGroup;
			children = (
				A4BC301C2975A988005C1701 /* InstagramSnapKit */,
				A4BC301B2975A988005C1701 /* Products */,
			);
			sourceTree = "<group>";
		};
		A4BC301B2975A988005C1701 /* Products */ = {
			isa = PBXGroup;
			children = (
				A4BC301A2975A988005C1701 /* InstagramSnapKit.app */,
			);
			name = Products;
			sourceTree = "<group>";
		};
		A4BC301C2975A988005C1701 /* InstagramSnapKit */ = {
			isa = PBXGroup;
			children = (
				A4BC30392975B435005C1701 /* Views */,
				A4BC30332975AA07005C1701 /* Feed */,
				A4BC30312975A99A005C1701 /* Application */,
				A4BC30322975A9B0005C1701 /* Resources */,
			);
			path = InstagramSnapKit;
			sourceTree = "<group>";
		};
		A4BC30312975A99A005C1701 /* Application */ = {
			isa = PBXGroup;
			children = (
				A4BC301D2975A988005C1701 /* AppDelegate.swift */,
				A4BC301F2975A988005C1701 /* SceneDelegate.swift */,
			);
			path = Application;
			sourceTree = "<group>";
		};
		A4BC30322975A9B0005C1701 /* Resources */ = {
			isa = PBXGroup;
			children = (
				A4BC30262975A989005C1701 /* Assets.xcassets */,
				A4BC30282975A989005C1701 /* LaunchScreen.storyboard */,
				A4BC302B2975A989005C1701 /* Info.plist */,
			);
			path = Resources;
			sourceTree = "<group>";
		};
		A4BC30332975AA07005C1701 /* Feed */ = {
			isa = PBXGroup;
			children = (
				A4BC30342975AA12005C1701 /* FeedViewController.swift */,
				A4BC303C2975B752005C1701 /* FeedItemType.swift */,
				A4BC303E2975B76C005C1701 /* FeedStoriesCellInfo.swift */,
				A4BC30402975B7CD005C1701 /* FeedPostItemInfo.swift */,
			);
			path = Feed;
			sourceTree = "<group>";
		};
		A4BC30392975B435005C1701 /* Views */ = {
			isa = PBXGroup;
			children = (
				A4BC30442975BB75005C1701 /* Cell */,
				A4BC303A2975B43E005C1701 /* LogoView.swift */,
			);
			path = Views;
			sourceTree = "<group>";
		};
		A4BC30442975BB75005C1701 /* Cell */ = {
			isa = PBXGroup;
			children = (
				A4BC30422975BB71005C1701 /* FeedStoriesSetCell.swift */,
				A4BC30452975BBE5005C1701 /* FeedPostCell.swift */,
				A4BC30472975BF0E005C1701 /* StoriesItemCell.swift */,
			);
			path = Cell;
			sourceTree = "<group>";
		};
/* End PBXGroup section */

/* Begin PBXNativeTarget section */
		A4BC30192975A988005C1701 /* InstagramSnapKit */ = {
			isa = PBXNativeTarget;
			buildConfigurationList = A4BC302E2975A989005C1701 /* Build configuration list for PBXNativeTarget "InstagramSnapKit" */;
			buildPhases = (
				A4BC30162975A988005C1701 /* Sources */,
				A4BC30172975A988005C1701 /* Frameworks */,
				A4BC30182975A988005C1701 /* Resources */,
			);
			buildRules = (
			);
			dependencies = (
			);
			name = InstagramSnapKit;
			packageProductDependencies = (
				A4BC30372975AA38005C1701 /* SnapKit */,
			);
			productName = InstagramSnapKit;
			productReference = A4BC301A2975A988005C1701 /* InstagramSnapKit.app */;
			productType = "com.apple.product-type.application";
		};
/* End PBXNativeTarget section */

/* Begin PBXProject section */
		A4BC30122975A988005C1701 /* Project object */ = {
			isa = PBXProject;
			attributes = {
				BuildIndependentTargetsInParallel = 1;
				LastSwiftUpdateCheck = 1420;
				LastUpgradeCheck = 1420;
				TargetAttributes = {
					A4BC30192975A988005C1701 = {
						CreatedOnToolsVersion = 14.2;
					};
				};
			};
			buildConfigurationList = A4BC30152975A988005C1701 /* Build configuration list for PBXProject "InstagramSnapKit" */;
			compatibilityVersion = "Xcode 14.0";
			developmentRegion = en;
			hasScannedForEncodings = 0;
			knownRegions = (
				en,
				Base,
			);
			mainGroup = A4BC30112975A988005C1701;
			packageReferences = (
				A4BC30362975AA38005C1701 /* XCRemoteSwiftPackageReference "SnapKit" */,
			);
			productRefGroup = A4BC301B2975A988005C1701 /* Products */;
			projectDirPath = "";
			projectRoot = "";
			targets = (
				A4BC30192975A988005C1701 /* InstagramSnapKit */,
			);
		};
/* End PBXProject section */

/* Begin PBXResourcesBuildPhase section */
		A4BC30182975A988005C1701 /* Resources */ = {
			isa = PBXResourcesBuildPhase;
			buildActionMask = 2147483647;
			files = (
				A4BC302A2975A989005C1701 /* LaunchScreen.storyboard in Resources */,
				A4BC30272975A989005C1701 /* Assets.xcassets in Resources */,
			);
			runOnlyForDeploymentPostprocessing = 0;
		};
/* End PBXResourcesBuildPhase section */

/* Begin PBXSourcesBuildPhase section */
		A4BC30162975A988005C1701 /* Sources */ = {
			isa = PBXSourcesBuildPhase;
			buildActionMask = 2147483647;
			files = (
				A4BC30412975B7CD005C1701 /* FeedPostItemInfo.swift in Sources */,
				A4BC301E2975A988005C1701 /* AppDelegate.swift in Sources */,
				A4BC303F2975B76C005C1701 /* FeedStoriesCellInfo.swift in Sources */,
				A4BC303B2975B43E005C1701 /* LogoView.swift in Sources */,
				A4BC30482975BF0E005C1701 /* StoriesItemCell.swift in Sources */,
				A4BC30432975BB71005C1701 /* FeedStoriesSetCell.swift in Sources */,
				A4BC30352975AA12005C1701 /* FeedViewController.swift in Sources */,
				A4BC30462975BBE5005C1701 /* FeedPostCell.swift in Sources */,
				A4BC30202975A988005C1701 /* SceneDelegate.swift in Sources */,
				A4BC303D2975B752005C1701 /* FeedItemType.swift in Sources */,
			);
			runOnlyForDeploymentPostprocessing = 0;
		};
/* End PBXSourcesBuildPhase section */

/* Begin PBXVariantGroup section */
		A4BC30282975A989005C1701 /* LaunchScreen.storyboard */ = {
			isa = PBXVariantGroup;
			children = (
				A4BC30292975A989005C1701 /* Base */,
			);
			name = LaunchScreen.storyboard;
			sourceTree = "<group>";
		};
/* End PBXVariantGroup section */

/* Begin XCBuildConfiguration section */
		A4BC302C2975A989005C1701 /* Debug */ = {
			isa = XCBuildConfiguration;
			buildSettings = {
				ALWAYS_SEARCH_USER_PATHS = NO;
				CLANG_ANALYZER_NONNULL = YES;
				CLANG_ANALYZER_NUMBER_OBJECT_CONVERSION = YES_AGGRESSIVE;
				CLANG_CXX_LANGUAGE_STANDARD = "gnu++20";
				CLANG_ENABLE_MODULES = YES;
				CLANG_ENABLE_OBJC_ARC = YES;
				CLANG_ENABLE_OBJC_WEAK = YES;
				CLANG_WARN_BLOCK_CAPTURE_AUTORELEASING = YES;
				CLANG_WARN_BOOL_CONVERSION = YES;
				CLANG_WARN_COMMA = YES;
				CLANG_WARN_CONSTANT_CONVERSION = YES;
				CLANG_WARN_DEPRECATED_OBJC_IMPLEMENTATIONS = YES;
				CLANG_WARN_DIRECT_OBJC_ISA_USAGE = YES_ERROR;
				CLANG_WARN_DOCUMENTATION_COMMENTS = YES;
				CLANG_WARN_EMPTY_BODY = YES;
				CLANG_WARN_ENUM_CONVERSION = YES;
				CLANG_WARN_INFINITE_RECURSION = YES;
				CLANG_WARN_INT_CONVERSION = YES;
				CLANG_WARN_NON_LITERAL_NULL_CONVERSION = YES;
				CLANG_WARN_OBJC_IMPLICIT_RETAIN_SELF = YES;
				CLANG_WARN_OBJC_LITERAL_CONVERSION = YES;
				CLANG_WARN_OBJC_ROOT_CLASS = YES_ERROR;
				CLANG_WARN_QUOTED_INCLUDE_IN_FRAMEWORK_HEADER = YES;
				CLANG_WARN_RANGE_LOOP_ANALYSIS = YES;
				CLANG_WARN_STRICT_PROTOTYPES = YES;
				CLANG_WARN_SUSPICIOUS_MOVE = YES;
				CLANG_WARN_UNGUARDED_AVAILABILITY = YES_AGGRESSIVE;
				CLANG_WARN_UNREACHABLE_CODE = YES;
				CLANG_WARN__DUPLICATE_METHOD_MATCH = YES;
				COPY_PHASE_STRIP = NO;
				DEBUG_INFORMATION_FORMAT = dwarf;
				ENABLE_STRICT_OBJC_MSGSEND = YES;
				ENABLE_TESTABILITY = YES;
				GCC_C_LANGUAGE_STANDARD = gnu11;
				GCC_DYNAMIC_NO_PIC = NO;
				GCC_NO_COMMON_BLOCKS = YES;
				GCC_OPTIMIZATION_LEVEL = 0;
				GCC_PREPROCESSOR_DEFINITIONS = (
					"DEBUG=1",
					"$(inherited)",
				);
				GCC_WARN_64_TO_32_BIT_CONVERSION = YES;
				GCC_WARN_ABOUT_RETURN_TYPE = YES_ERROR;
				GCC_WARN_UNDECLARED_SELECTOR = YES;
				GCC_WARN_UNINITIALIZED_AUTOS = YES_AGGRESSIVE;
				GCC_WARN_UNUSED_FUNCTION = YES;
				GCC_WARN_UNUSED_VARIABLE = YES;
				IPHONEOS_DEPLOYMENT_TARGET = 16.2;
				MTL_ENABLE_DEBUG_INFO = INCLUDE_SOURCE;
				MTL_FAST_MATH = YES;
				ONLY_ACTIVE_ARCH = YES;
				SDKROOT = iphoneos;
				SWIFT_ACTIVE_COMPILATION_CONDITIONS = DEBUG;
				SWIFT_OPTIMIZATION_LEVEL = "-Onone";
			};
			name = Debug;
		};
		A4BC302D2975A989005C1701 /* Release */ = {
			isa = XCBuildConfiguration;
			buildSettings = {
				ALWAYS_SEARCH_USER_PATHS = NO;
				CLANG_ANALYZER_NONNULL = YES;
				CLANG_ANALYZER_NUMBER_OBJECT_CONVERSION = YES_AGGRESSIVE;
				CLANG_CXX_LANGUAGE_STANDARD = "gnu++20";
				CLANG_ENABLE_MODULES = YES;
				CLANG_ENABLE_OBJC_ARC = YES;
				CLANG_ENABLE_OBJC_WEAK = YES;
				CLANG_WARN_BLOCK_CAPTURE_AUTORELEASING = YES;
				CLANG_WARN_BOOL_CONVERSION = YES;
				CLANG_WARN_COMMA = YES;
				CLANG_WARN_CONSTANT_CONVERSION = YES;
				CLANG_WARN_DEPRECATED_OBJC_IMPLEMENTATIONS = YES;
				CLANG_WARN_DIRECT_OBJC_ISA_USAGE = YES_ERROR;
				CLANG_WARN_DOCUMENTATION_COMMENTS = YES;
				CLANG_WARN_EMPTY_BODY = YES;
				CLANG_WARN_ENUM_CONVERSION = YES;
				CLANG_WARN_INFINITE_RECURSION = YES;
				CLANG_WARN_INT_CONVERSION = YES;
				CLANG_WARN_NON_LITERAL_NULL_CONVERSION = YES;
				CLANG_WARN_OBJC_IMPLICIT_RETAIN_SELF = YES;
				CLANG_WARN_OBJC_LITERAL_CONVERSION = YES;
				CLANG_WARN_OBJC_ROOT_CLASS = YES_ERROR;
				CLANG_WARN_QUOTED_INCLUDE_IN_FRAMEWORK_HEADER = YES;
				CLANG_WARN_RANGE_LOOP_ANALYSIS = YES;
				CLANG_WARN_STRICT_PROTOTYPES = YES;
				CLANG_WARN_SUSPICIOUS_MOVE = YES;
				CLANG_WARN_UNGUARDED_AVAILABILITY = YES_AGGRESSIVE;
				CLANG_WARN_UNREACHABLE_CODE = YES;
				CLANG_WARN__DUPLICATE_METHOD_MATCH = YES;
				COPY_PHASE_STRIP = NO;
				DEBUG_INFORMATION_FORMAT = "dwarf-with-dsym";
				ENABLE_NS_ASSERTIONS = NO;
				ENABLE_STRICT_OBJC_MSGSEND = YES;
				GCC_C_LANGUAGE_STANDARD = gnu11;
				GCC_NO_COMMON_BLOCKS = YES;
				GCC_WARN_64_TO_32_BIT_CONVERSION = YES;
				GCC_WARN_ABOUT_RETURN_TYPE = YES_ERROR;
				GCC_WARN_UNDECLARED_SELECTOR = YES;
				GCC_WARN_UNINITIALIZED_AUTOS = YES_AGGRESSIVE;
				GCC_WARN_UNUSED_FUNCTION = YES;
				GCC_WARN_UNUSED_VARIABLE = YES;
				IPHONEOS_DEPLOYMENT_TARGET = 16.2;
				MTL_ENABLE_DEBUG_INFO = NO;
				MTL_FAST_MATH = YES;
				SDKROOT = iphoneos;
				SWIFT_COMPILATION_MODE = wholemodule;
				SWIFT_OPTIMIZATION_LEVEL = "-O";
				VALIDATE_PRODUCT = YES;
			};
			name = Release;
		};
		A4BC302F2975A989005C1701 /* Debug */ = {
			isa = XCBuildConfiguration;
			buildSettings = {
				ASSETCATALOG_COMPILER_APPICON_NAME = AppIcon;
				ASSETCATALOG_COMPILER_GLOBAL_ACCENT_COLOR_NAME = AccentColor;
				CODE_SIGN_STYLE = Automatic;
				CURRENT_PROJECT_VERSION = 1;
				DEVELOPMENT_TEAM = VZ74DPLR7X;
				GENERATE_INFOPLIST_FILE = YES;
				INFOPLIST_FILE = InstagramSnapKit/Resources/Info.plist;
				INFOPLIST_KEY_UIApplicationSupportsIndirectInputEvents = YES;
				INFOPLIST_KEY_UILaunchStoryboardName = LaunchScreen;
				INFOPLIST_KEY_UISupportedInterfaceOrientations_iPad = "UIInterfaceOrientationPortrait UIInterfaceOrientationPortraitUpsideDown UIInterfaceOrientationLandscapeLeft UIInterfaceOrientationLandscapeRight";
				INFOPLIST_KEY_UISupportedInterfaceOrientations_iPhone = "UIInterfaceOrientationPortrait UIInterfaceOrientationLandscapeLeft UIInterfaceOrientationLandscapeRight";
				LD_RUNPATH_SEARCH_PATHS = (
					"$(inherited)",
					"@executable_path/Frameworks",
				);
				MARKETING_VERSION = 1.0;
				PRODUCT_BUNDLE_IDENTIFIER = com.stefanBoblic.InstagramSnapKit;
				PRODUCT_NAME = "$(TARGET_NAME)";
				SWIFT_EMIT_LOC_STRINGS = YES;
				SWIFT_VERSION = 5.0;
				TARGETED_DEVICE_FAMILY = "1,2";
			};
			name = Debug;
		};
		A4BC30302975A989005C1701 /* Release */ = {
			isa = XCBuildConfiguration;
			buildSettings = {
				ASSETCATALOG_COMPILER_APPICON_NAME = AppIcon;
				ASSETCATALOG_COMPILER_GLOBAL_ACCENT_COLOR_NAME = AccentColor;
				CODE_SIGN_STYLE = Automatic;
				CURRENT_PROJECT_VERSION = 1;
				DEVELOPMENT_TEAM = VZ74DPLR7X;
				GENERATE_INFOPLIST_FILE = YES;
				INFOPLIST_FILE = InstagramSnapKit/Resources/Info.plist;
				INFOPLIST_KEY_UIApplicationSupportsIndirectInputEvents = YES;
				INFOPLIST_KEY_UILaunchStoryboardName = LaunchScreen;
				INFOPLIST_KEY_UISupportedInterfaceOrientations_iPad = "UIInterfaceOrientationPortrait UIInterfaceOrientationPortraitUpsideDown UIInterfaceOrientationLandscapeLeft UIInterfaceOrientationLandscapeRight";
				INFOPLIST_KEY_UISupportedInterfaceOrientations_iPhone = "UIInterfaceOrientationPortrait UIInterfaceOrientationLandscapeLeft UIInterfaceOrientationLandscapeRight";
				LD_RUNPATH_SEARCH_PATHS = (
					"$(inherited)",
					"@executable_path/Frameworks",
				);
				MARKETING_VERSION = 1.0;
				PRODUCT_BUNDLE_IDENTIFIER = com.stefanBoblic.InstagramSnapKit;
				PRODUCT_NAME = "$(TARGET_NAME)";
				SWIFT_EMIT_LOC_STRINGS = YES;
				SWIFT_VERSION = 5.0;
				TARGETED_DEVICE_FAMILY = "1,2";
			};
			name = Release;
		};
/* End XCBuildConfiguration section */

/* Begin XCConfigurationList section */
		A4BC30152975A988005C1701 /* Build configuration list for PBXProject "InstagramSnapKit" */ = {
			isa = XCConfigurationList;
			buildConfigurations = (
				A4BC302C2975A989005C1701 /* Debug */,
				A4BC302D2975A989005C1701 /* Release */,
			);
			defaultConfigurationIsVisible = 0;
			defaultConfigurationName = Release;
		};
		A4BC302E2975A989005C1701 /* Build configuration list for PBXNativeTarget "InstagramSnapKit" */ = {
			isa = XCConfigurationList;
			buildConfigurations = (
				A4BC302F2975A989005C1701 /* Debug */,
				A4BC30302975A989005C1701 /* Release */,
			);
			defaultConfigurationIsVisible = 0;
			defaultConfigurationName = Release;
		};
/* End XCConfigurationList section */

/* Begin XCRemoteSwiftPackageReference section */
		A4BC30362975AA38005C1701 /* XCRemoteSwiftPackageReference "SnapKit" */ = {
			isa = XCRemoteSwiftPackageReference;
			repositoryURL = "https://github.com/SnapKit/SnapKit.git";
			requirement = {
				kind = upToNextMajorVersion;
				minimumVersion = 5.0.0;
			};
		};
/* End XCRemoteSwiftPackageReference section */

/* Begin XCSwiftPackageProductDependency section */
		A4BC30372975AA38005C1701 /* SnapKit */ = {
			isa = XCSwiftPackageProductDependency;
			package = A4BC30362975AA38005C1701 /* XCRemoteSwiftPackageReference "SnapKit" */;
			productName = SnapKit;
		};
/* End XCSwiftPackageProductDependency section */
	};
	rootObject = A4BC30122975A988005C1701 /* Project object */;
}
